
Microsoft Visual Studio Solution File, Format Version 12.00
# Visual Studio Version 17
VisualStudioVersion = 17.0.31912.275
MinimumVisualStudioVersion = 10.0.40219.1
Project("{FAE04EC0-301F-11D3-BF4B-00C04F79EFBC}") = "Localiza.Frotas", "Dio-Localiza.Frotas\Localiza.Frotas.csproj", "{04A29F8C-FCE5-4557-99B3-F8D5E38BC6C9}"
EndProject
Project("{FAE04EC0-301F-11D3-BF4B-00C04F79EFBC}") = "Localiza.Frotas.Domain", "Localiza.Frotas.Domain\Localiza.Frotas.Domain.csproj", "{99C40F10-3A75-41A7-A529-BF969F910873}"
EndProject
Project("{FAE04EC0-301F-11D3-BF4B-00C04F79EFBC}") = "Localiza.Frotas.Infra", "Localiza.Frotas.Infra\Localiza.Frotas.Infra.csproj", "{70FD9C47-375C-46E3-90AF-F70E45B19E68}"
EndProject
Global
	GlobalSection(SolutionConfigurationPlatforms) = preSolution
		Debug|Any CPU = Debug|Any CPU
		Release|Any CPU = Release|Any CPU
	EndGlobalSection
	GlobalSection(ProjectConfigurationPlatforms) = postSolution
		{04A29F8C-FCE5-4557-99B3-F8D5E38BC6C9}.Debug|Any CPU.ActiveCfg = Debug|Any CPU
		{04A29F8C-FCE5-4557-99B3-F8D5E38BC6C9}.Debug|Any CPU.Build.0 = Debug|Any CPU
		{04A29F8C-FCE5-4557-99B3-F8D5E38BC6C9}.Release|Any CPU.ActiveCfg = Release|Any CPU
		{04A29F8C-FCE5-4557-99B3-F8D5E38BC6C9}.Release|Any CPU.Build.0 = Release|Any CPU
		{99C40F10-3A75-41A7-A529-BF969F910873}.Debug|Any CPU.ActiveCfg = Debug|Any CPU
		{99C40F10-3A75-41A7-A529-BF969F910873}.Debug|Any CPU.Build.0 = Debug|Any CPU
		{99C40F10-3A75-41A7-A529-BF969F910873}.Release|Any CPU.ActiveCfg = Release|Any CPU
		{99C40F10-3A75-41A7-A529-BF969F910873}.Release|Any CPU.Build.0 = Release|Any CPU
		{70FD9C47-375C-46E3-90AF-F70E45B19E68}.Debug|Any CPU.ActiveCfg = Debug|Any CPU
		{70FD9C47-375C-46E3-90AF-F70E45B19E68}.Debug|Any CPU.Build.0 = Debug|Any CPU
		{70FD9C47-375C-46E3-90AF-F70E45B19E68}.Release|Any CPU.ActiveCfg = Release|Any CPU
		{70FD9C47-375C-46E3-90AF-F70E45B19E68}.Release|Any CPU.Build.0 = Release|Any CPU
	EndGlobalSection
	GlobalSection(SolutionProperties) = preSolution
		HideSolutionNode = FALSE
	EndGlobalSection
	GlobalSection(ExtensibilityGlobals) = postSolution
		SolutionGuid = {2026B842-7A2B-4750-BD89-289E2BC79071}
	EndGlobalSection
EndGlobal
